
Microsoft Visual Studio Solution File, Format Version 12.00
# Visual Studio Version 17
VisualStudioVersion = 17.0.31611.283
MinimumVisualStudioVersion = 10.0.40219.1
Project("{2150E333-8FDC-42A3-9474-1A3956D46DE8}") = "DeviceRunners", "DeviceRunners", "{DBF1C119-C96C-4DD3-810B-52451603475C}"
EndProject
Project("{9A19103F-16F7-4668-BE54-9A1E7A4F7556}") = "SampleMauiApp", "SampleMauiApp\SampleMauiApp.csproj", "{254F1542-8CBD-4FF3-81FB-8C311D53DE70}"
EndProject
Project("{9A19103F-16F7-4668-BE54-9A1E7A4F7556}") = "SampleXunitTestProject", "SampleXunitTestProject\SampleXunitTestProject.csproj", "{52AB8946-1EDE-4BF2-B397-4422862AB2E1}"
EndProject
Project("{9A19103F-16F7-4668-BE54-9A1E7A4F7556}") = "DeviceRunners.Core", "DeviceRunners\DeviceRunners.Core\DeviceRunners.Core.csproj", "{F71BD057-A790-4676-A19D-9AFBB1E8A052}"
EndProject
Project("{9A19103F-16F7-4668-BE54-9A1E7A4F7556}") = "DeviceRunners.VisualRunners", "DeviceRunners\DeviceRunners.VisualRunners\DeviceRunners.VisualRunners.csproj", "{9AFBB1E8-A790-4676-A19D-F71BD05A052E}"
EndProject
Project("{9A19103F-16F7-4668-BE54-9A1E7A4F7556}") = "DeviceRunners.VisualRunners.Maui", "DeviceRunners\DeviceRunners.VisualRunners.Maui\DeviceRunners.VisualRunners.Maui.csproj", "{709B3B0B-46E7-4EBE-B8CD-1E4BF6D4ADE1}"
EndProject
Project("{9A19103F-16F7-4668-BE54-9A1E7A4F7556}") = "DeviceRunners.VisualRunners.Xunit", "DeviceRunners\DeviceRunners.VisualRunners.Xunit\DeviceRunners.VisualRunners.Xunit.csproj", "{BC9D6A49-1914-40EE-B7B5-0DE7004DC02D}"
EndProject
Project("{9A19103F-16F7-4668-BE54-9A1E7A4F7556}") = "DeviceRunners.XHarness", "DeviceRunners\DeviceRunners.XHarness\DeviceRunners.XHarness.csproj", "{995B6A72-F478-4F2D-A6F5-EE12659C878E}"
EndProject
Project("{9A19103F-16F7-4668-BE54-9A1E7A4F7556}") = "DeviceRunners.XHarness.Maui", "DeviceRunners\DeviceRunners.XHarness.Maui\DeviceRunners.XHarness.Maui.csproj", "{4C87BA8C-DB7C-4924-AC6B-56121137E167}"
EndProject
Project("{9A19103F-16F7-4668-BE54-9A1E7A4F7556}") = "DeviceRunners.XHarness.Xunit", "DeviceRunners\DeviceRunners.XHarness.Xunit\DeviceRunners.XHarness.Xunit.csproj", "{D52724F2-4F80-4CF5-878B-5978F0A95F3A}"
EndProject
Project("{9A19103F-16F7-4668-BE54-9A1E7A4F7556}") = "DeviceRunners.UITesting.Xunit", "DeviceRunners\DeviceRunners.UITesting.Xunit\DeviceRunners.UITesting.Xunit.csproj", "{B7AA3403-A6E0-4300-9723-DA06959C1D91}"
EndProject
Project("{9A19103F-16F7-4668-BE54-9A1E7A4F7556}") = "DeviceRunners.UITesting", "DeviceRunners\DeviceRunners.UITesting\DeviceRunners.UITesting.csproj", "{7040FAB6-5FD1-4D37-9DEB-1529802E2D34}"
EndProject
Project("{9A19103F-16F7-4668-BE54-9A1E7A4F7556}") = "DeviceRunners.UITesting.Maui", "DeviceRunners\DeviceRunners.UITesting.Maui\DeviceRunners.UITesting.Maui.csproj", "{1D67F157-3201-49D4-AA58-40716D7D00EC}"
EndProject
Global
	GlobalSection(SolutionConfigurationPlatforms) = preSolution
		Debug|Any CPU = Debug|Any CPU
		Release|Any CPU = Release|Any CPU
	EndGlobalSection
	GlobalSection(ProjectConfigurationPlatforms) = postSolution
		{254F1542-8CBD-4FF3-81FB-8C311D53DE70}.Debug|Any CPU.ActiveCfg = Debug|Any CPU
		{254F1542-8CBD-4FF3-81FB-8C311D53DE70}.Debug|Any CPU.Build.0 = Debug|Any CPU
		{254F1542-8CBD-4FF3-81FB-8C311D53DE70}.Debug|Any CPU.Deploy.0 = Debug|Any CPU
		{254F1542-8CBD-4FF3-81FB-8C311D53DE70}.Release|Any CPU.ActiveCfg = Release|Any CPU
		{254F1542-8CBD-4FF3-81FB-8C311D53DE70}.Release|Any CPU.Build.0 = Release|Any CPU
		{254F1542-8CBD-4FF3-81FB-8C311D53DE70}.Release|Any CPU.Deploy.0 = Release|Any CPU
		{52AB8946-1EDE-4BF2-B397-4422862AB2E1}.Debug|Any CPU.ActiveCfg = Debug|Any CPU
		{52AB8946-1EDE-4BF2-B397-4422862AB2E1}.Debug|Any CPU.Build.0 = Debug|Any CPU
		{52AB8946-1EDE-4BF2-B397-4422862AB2E1}.Release|Any CPU.ActiveCfg = Release|Any CPU
		{52AB8946-1EDE-4BF2-B397-4422862AB2E1}.Release|Any CPU.Build.0 = Release|Any CPU
		{F71BD057-A790-4676-A19D-9AFBB1E8A052}.Debug|Any CPU.ActiveCfg = Debug|Any CPU
		{F71BD057-A790-4676-A19D-9AFBB1E8A052}.Debug|Any CPU.Build.0 = Debug|Any CPU
		{F71BD057-A790-4676-A19D-9AFBB1E8A052}.Release|Any CPU.ActiveCfg = Release|Any CPU
		{F71BD057-A790-4676-A19D-9AFBB1E8A052}.Release|Any CPU.Build.0 = Release|Any CPU
		{9AFBB1E8-A790-4676-A19D-F71BD05A052E}.Debug|Any CPU.ActiveCfg = Debug|Any CPU
		{9AFBB1E8-A790-4676-A19D-F71BD05A052E}.Debug|Any CPU.Build.0 = Debug|Any CPU
		{9AFBB1E8-A790-4676-A19D-F71BD05A052E}.Release|Any CPU.ActiveCfg = Release|Any CPU
		{9AFBB1E8-A790-4676-A19D-F71BD05A052E}.Release|Any CPU.Build.0 = Release|Any CPU
		{709B3B0B-46E7-4EBE-B8CD-1E4BF6D4ADE1}.Debug|Any CPU.ActiveCfg = Debug|Any CPU
		{709B3B0B-46E7-4EBE-B8CD-1E4BF6D4ADE1}.Debug|Any CPU.Build.0 = Debug|Any CPU
		{709B3B0B-46E7-4EBE-B8CD-1E4BF6D4ADE1}.Release|Any CPU.ActiveCfg = Release|Any CPU
		{709B3B0B-46E7-4EBE-B8CD-1E4BF6D4ADE1}.Release|Any CPU.Build.0 = Release|Any CPU
		{BC9D6A49-1914-40EE-B7B5-0DE7004DC02D}.Debug|Any CPU.ActiveCfg = Debug|Any CPU
		{BC9D6A49-1914-40EE-B7B5-0DE7004DC02D}.Debug|Any CPU.Build.0 = Debug|Any CPU
		{BC9D6A49-1914-40EE-B7B5-0DE7004DC02D}.Release|Any CPU.ActiveCfg = Release|Any CPU
		{BC9D6A49-1914-40EE-B7B5-0DE7004DC02D}.Release|Any CPU.Build.0 = Release|Any CPU
		{995B6A72-F478-4F2D-A6F5-EE12659C878E}.Debug|Any CPU.ActiveCfg = Debug|Any CPU
		{995B6A72-F478-4F2D-A6F5-EE12659C878E}.Debug|Any CPU.Build.0 = Debug|Any CPU
		{995B6A72-F478-4F2D-A6F5-EE12659C878E}.Release|Any CPU.ActiveCfg = Release|Any CPU
		{995B6A72-F478-4F2D-A6F5-EE12659C878E}.Release|Any CPU.Build.0 = Release|Any CPU
		{4C87BA8C-DB7C-4924-AC6B-56121137E167}.Debug|Any CPU.ActiveCfg = Debug|Any CPU
		{4C87BA8C-DB7C-4924-AC6B-56121137E167}.Debug|Any CPU.Build.0 = Debug|Any CPU
		{4C87BA8C-DB7C-4924-AC6B-56121137E167}.Release|Any CPU.ActiveCfg = Release|Any CPU
		{4C87BA8C-DB7C-4924-AC6B-56121137E167}.Release|Any CPU.Build.0 = Release|Any CPU
		{D52724F2-4F80-4CF5-878B-5978F0A95F3A}.Debug|Any CPU.ActiveCfg = Debug|Any CPU
		{D52724F2-4F80-4CF5-878B-5978F0A95F3A}.Debug|Any CPU.Build.0 = Debug|Any CPU
		{D52724F2-4F80-4CF5-878B-5978F0A95F3A}.Release|Any CPU.ActiveCfg = Release|Any CPU
		{D52724F2-4F80-4CF5-878B-5978F0A95F3A}.Release|Any CPU.Build.0 = Release|Any CPU
		{B7AA3403-A6E0-4300-9723-DA06959C1D91}.Debug|Any CPU.ActiveCfg = Debug|Any CPU
		{B7AA3403-A6E0-4300-9723-DA06959C1D91}.Debug|Any CPU.Build.0 = Debug|Any CPU
		{B7AA3403-A6E0-4300-9723-DA06959C1D91}.Release|Any CPU.ActiveCfg = Release|Any CPU
		{B7AA3403-A6E0-4300-9723-DA06959C1D91}.Release|Any CPU.Build.0 = Release|Any CPU
		{7040FAB6-5FD1-4D37-9DEB-1529802E2D34}.Debug|Any CPU.ActiveCfg = Debug|Any CPU
		{7040FAB6-5FD1-4D37-9DEB-1529802E2D34}.Debug|Any CPU.Build.0 = Debug|Any CPU
		{7040FAB6-5FD1-4D37-9DEB-1529802E2D34}.Release|Any CPU.ActiveCfg = Release|Any CPU
		{7040FAB6-5FD1-4D37-9DEB-1529802E2D34}.Release|Any CPU.Build.0 = Release|Any CPU
		{1D67F157-3201-49D4-AA58-40716D7D00EC}.Debug|Any CPU.ActiveCfg = Debug|Any CPU
		{1D67F157-3201-49D4-AA58-40716D7D00EC}.Debug|Any CPU.Build.0 = Debug|Any CPU
		{1D67F157-3201-49D4-AA58-40716D7D00EC}.Release|Any CPU.ActiveCfg = Release|Any CPU
		{1D67F157-3201-49D4-AA58-40716D7D00EC}.Release|Any CPU.Build.0 = Release|Any CPU
	EndGlobalSection
	GlobalSection(SolutionProperties) = preSolution
		HideSolutionNode = FALSE
	EndGlobalSection
	GlobalSection(NestedProjects) = preSolution
		{F71BD057-A790-4676-A19D-9AFBB1E8A052} = {DBF1C119-C96C-4DD3-810B-52451603475C}
		{9AFBB1E8-A790-4676-A19D-F71BD05A052E} = {DBF1C119-C96C-4DD3-810B-52451603475C}
		{709B3B0B-46E7-4EBE-B8CD-1E4BF6D4ADE1} = {DBF1C119-C96C-4DD3-810B-52451603475C}
		{BC9D6A49-1914-40EE-B7B5-0DE7004DC02D} = {DBF1C119-C96C-4DD3-810B-52451603475C}
		{995B6A72-F478-4F2D-A6F5-EE12659C878E} = {DBF1C119-C96C-4DD3-810B-52451603475C}
		{4C87BA8C-DB7C-4924-AC6B-56121137E167} = {DBF1C119-C96C-4DD3-810B-52451603475C}
		{D52724F2-4F80-4CF5-878B-5978F0A95F3A} = {DBF1C119-C96C-4DD3-810B-52451603475C}
		{B7AA3403-A6E0-4300-9723-DA06959C1D91} = {DBF1C119-C96C-4DD3-810B-52451603475C}
		{7040FAB6-5FD1-4D37-9DEB-1529802E2D34} = {DBF1C119-C96C-4DD3-810B-52451603475C}
		{1D67F157-3201-49D4-AA58-40716D7D00EC} = {DBF1C119-C96C-4DD3-810B-52451603475C}
	EndGlobalSection
	GlobalSection(ExtensibilityGlobals) = postSolution
		SolutionGuid = {2DABD41C-B083-429E-AE1E-971CFF8DC199}
	EndGlobalSection
EndGlobal
